// !$*UTF8*$!
{
	archiveVersion = 1;
	classes = {
	};
	objectVersion = 46;
	objects = {

/* Begin PBXBuildFile section */
		351A7939146CB355005C7FD4 /* napkinlogo.png in Resources */ = {isa = PBXBuildFile; fileRef = 351A7938146CB354005C7FD4 /* napkinlogo.png */; };
		351A793C146CB4ED005C7FD4 /* nujabesAlbumCover.jpg in Resources */ = {isa = PBXBuildFile; fileRef = 351A793A146CB4ED005C7FD4 /* nujabesAlbumCover.jpg */; };
		351A793D146CB4ED005C7FD4 /* nujabesThumb.jpg in Resources */ = {isa = PBXBuildFile; fileRef = 351A793B146CB4ED005C7FD4 /* nujabesThumb.jpg */; };
		35334A9016416F5F008D9C17 /* Default-568h@2x.png in Resources */ = {isa = PBXBuildFile; fileRef = 35334A8F16416F5F008D9C17 /* Default-568h@2x.png */; };
		3564AAAD14698E0300F432FF /* UIKit.framework in Frameworks */ = {isa = PBXBuildFile; fileRef = 3564AAAC14698E0300F432FF /* UIKit.framework */; };
		3564AAAF14698E0300F432FF /* Foundation.framework in Frameworks */ = {isa = PBXBuildFile; fileRef = 3564AAAE14698E0300F432FF /* Foundation.framework */; };
		3564AAB114698E0300F432FF /* CoreGraphics.framework in Frameworks */ = {isa = PBXBuildFile; fileRef = 3564AAB014698E0300F432FF /* CoreGraphics.framework */; };
		3564AAB714698E0300F432FF /* InfoPlist.strings in Resources */ = {isa = PBXBuildFile; fileRef = 3564AAB514698E0300F432FF /* InfoPlist.strings */; };
		3564AABA14698E0300F432FF /* main.m in Sources */ = {isa = PBXBuildFile; fileRef = 3564AAB914698E0300F432FF /* main.m */; };
		3564AABD14698E0300F432FF /* NapkinNotesAppDelegate.m in Sources */ = {isa = PBXBuildFile; fileRef = 3564AABC14698E0300F432FF /* NapkinNotesAppDelegate.m */; };
		3564AAC014698E0400F432FF /* MainWindow.xib in Resources */ = {isa = PBXBuildFile; fileRef = 3564AABE14698E0400F432FF /* MainWindow.xib */; };
		3564AAC314698E0400F432FF /* RootViewController.m in Sources */ = {isa = PBXBuildFile; fileRef = 3564AAC214698E0400F432FF /* RootViewController.m */; };
		3564AAC614698E0400F432FF /* RootViewController.xib in Resources */ = {isa = PBXBuildFile; fileRef = 3564AAC414698E0400F432FF /* RootViewController.xib */; };
		3564AACD14698E0400F432FF /* UIKit.framework in Frameworks */ = {isa = PBXBuildFile; fileRef = 3564AAAC14698E0300F432FF /* UIKit.framework */; };
		3564AACE14698E0400F432FF /* Foundation.framework in Frameworks */ = {isa = PBXBuildFile; fileRef = 3564AAAE14698E0300F432FF /* Foundation.framework */; };
		3564AACF14698E0400F432FF /* CoreGraphics.framework in Frameworks */ = {isa = PBXBuildFile; fileRef = 3564AAB014698E0300F432FF /* CoreGraphics.framework */; };
		3564AAD714698E0400F432FF /* InfoPlist.strings in Resources */ = {isa = PBXBuildFile; fileRef = 3564AAD514698E0400F432FF /* InfoPlist.strings */; };
		3564AADA14698E0400F432FF /* NapkinNotesTests.h in Resources */ = {isa = PBXBuildFile; fileRef = 3564AAD914698E0400F432FF /* NapkinNotesTests.h */; };
		3564AADC14698E0400F432FF /* NapkinNotesTests.m in Sources */ = {isa = PBXBuildFile; fileRef = 3564AADB14698E0400F432FF /* NapkinNotesTests.m */; };
		3564AAE914698EDE00F432FF /* NapkinNotesData.m in Sources */ = {isa = PBXBuildFile; fileRef = 3564AAE814698EDE00F432FF /* NapkinNotesData.m */; };
		3564AAEC1469908600F432FF /* NapkinNotesDoc.m in Sources */ = {isa = PBXBuildFile; fileRef = 3564AAEB1469908600F432FF /* NapkinNotesDoc.m */; };
		35B0F07D148EB9D1002C3DBF /* napkinlogo_retina.png in Resources */ = {isa = PBXBuildFile; fileRef = 35B0F07C148EB9D1002C3DBF /* napkinlogo_retina.png */; };
		35B0F07F148EB9D7002C3DBF /* Default.png in Resources */ = {isa = PBXBuildFile; fileRef = 35B0F07E148EB9D7002C3DBF /* Default.png */; };
		35B2A18A149449E200F62A41 /* whiteboard.jpg in Resources */ = {isa = PBXBuildFile; fileRef = 35B2A188149449E200F62A41 /* whiteboard.jpg */; };
		35B2A18B149449E200F62A41 /* whiteboardThumb.jpg in Resources */ = {isa = PBXBuildFile; fileRef = 35B2A189149449E200F62A41 /* whiteboardThumb.jpg */; };
		35E62A4214699AF200EB78FB /* ein.jpg in Resources */ = {isa = PBXBuildFile; fileRef = 35E62A4014699AF200EB78FB /* ein.jpg */; };
		35E62A4614699C1000EB78FB /* einThumb.jpg in Resources */ = {isa = PBXBuildFile; fileRef = 35E62A4414699C1000EB78FB /* einThumb.jpg */; };
		35F7E1971469D6E6001528A8 /* EditNotesViewController.m in Sources */ = {isa = PBXBuildFile; fileRef = 35F7E1951469D6E6001528A8 /* EditNotesViewController.m */; };
		35F7E1981469D6E6001528A8 /* EditNotesViewController.xib in Resources */ = {isa = PBXBuildFile; fileRef = 35F7E1961469D6E6001528A8 /* EditNotesViewController.xib */; };
		35F85EE91485BD99005CCF75 /* UIImageExtras.m in Sources */ = {isa = PBXBuildFile; fileRef = 35F85EE81485BD99005CCF75 /* UIImageExtras.m */; };
/* End PBXBuildFile section */

/* Begin PBXContainerItemProxy section */
		3564AAD014698E0400F432FF /* PBXContainerItemProxy */ = {
			isa = PBXContainerItemProxy;
			containerPortal = 3564AA9F14698E0300F432FF /* Project object */;
			proxyType = 1;
			remoteGlobalIDString = 3564AAA714698E0300F432FF;
			remoteInfo = NapkinNotes;
		};
/* End PBXContainerItemProxy section */

/* Begin PBXFileReference section */
		351A7938146CB354005C7FD4 /* napkinlogo.png */ = {isa = PBXFileReference; lastKnownFileType = image.png; name = napkinlogo.png; path = ../napkinlogo.png; sourceTree = "<group>"; };
		351A793A146CB4ED005C7FD4 /* nujabesAlbumCover.jpg */ = {isa = PBXFileReference; lastKnownFileType = image.jpeg; path = nujabesAlbumCover.jpg; sourceTree = "<group>"; };
		351A793B146CB4ED005C7FD4 /* nujabesThumb.jpg */ = {isa = PBXFileReference; lastKnownFileType = image.jpeg; path = nujabesThumb.jpg; sourceTree = "<group>"; };
		35334A8F16416F5F008D9C17 /* Default-568h@2x.png */ = {isa = PBXFileReference; lastKnownFileType = image.png; path = "Default-568h@2x.png"; sourceTree = "<group>"; };
		3564AAA814698E0300F432FF /* NapkinNotes.app */ = {isa = PBXFileReference; explicitFileType = wrapper.application; includeInIndex = 0; path = NapkinNotes.app; sourceTree = BUILT_PRODUCTS_DIR; };
		3564AAAC14698E0300F432FF /* UIKit.framework */ = {isa = PBXFileReference; lastKnownFileType = wrapper.framework; name = UIKit.framework; path = System/Library/Frameworks/UIKit.framework; sourceTree = SDKROOT; };
		3564AAAE14698E0300F432FF /* Foundation.framework */ = {isa = PBXFileReference; lastKnownFileType = wrapper.framework; name = Foundation.framework; path = System/Library/Frameworks/Foundation.framework; sourceTree = SDKROOT; };
		3564AAB014698E0300F432FF /* CoreGraphics.framework */ = {isa = PBXFileReference; lastKnownFileType = wrapper.framework; name = CoreGraphics.framework; path = System/Library/Frameworks/CoreGraphics.framework; sourceTree = SDKROOT; };
		3564AAB414698E0300F432FF /* NapkinNotes-Info.plist */ = {isa = PBXFileReference; lastKnownFileType = text.plist.xml; path = "NapkinNotes-Info.plist"; sourceTree = "<group>"; };
		3564AAB614698E0300F432FF /* en */ = {isa = PBXFileReference; lastKnownFileType = text.plist.strings; name = en; path = en.lproj/InfoPlist.strings; sourceTree = "<group>"; };
		3564AAB814698E0300F432FF /* NapkinNotes-Prefix.pch */ = {isa = PBXFileReference; lastKnownFileType = sourcecode.c.h; path = "NapkinNotes-Prefix.pch"; sourceTree = "<group>"; };
		3564AAB914698E0300F432FF /* main.m */ = {isa = PBXFileReference; lastKnownFileType = sourcecode.c.objc; path = main.m; sourceTree = "<group>"; };
		3564AABB14698E0300F432FF /* NapkinNotesAppDelegate.h */ = {isa = PBXFileReference; lastKnownFileType = sourcecode.c.h; path = NapkinNotesAppDelegate.h; sourceTree = "<group>"; };
		3564AABC14698E0300F432FF /* NapkinNotesAppDelegate.m */ = {isa = PBXFileReference; lastKnownFileType = sourcecode.c.objc; path = NapkinNotesAppDelegate.m; sourceTree = "<group>"; };
		3564AABF14698E0400F432FF /* en */ = {isa = PBXFileReference; lastKnownFileType = file.xib; name = en; path = en.lproj/MainWindow.xib; sourceTree = "<group>"; };
		3564AAC114698E0400F432FF /* RootViewController.h */ = {isa = PBXFileReference; lastKnownFileType = sourcecode.c.h; path = RootViewController.h; sourceTree = "<group>"; };
		3564AAC214698E0400F432FF /* RootViewController.m */ = {isa = PBXFileReference; lastKnownFileType = sourcecode.c.objc; path = RootViewController.m; sourceTree = "<group>"; };
		3564AAC514698E0400F432FF /* en */ = {isa = PBXFileReference; lastKnownFileType = file.xib; name = en; path = en.lproj/RootViewController.xib; sourceTree = "<group>"; };
		3564AACC14698E0400F432FF /* NapkinNotesTests.octest */ = {isa = PBXFileReference; explicitFileType = wrapper.cfbundle; includeInIndex = 0; path = NapkinNotesTests.octest; sourceTree = BUILT_PRODUCTS_DIR; };
		3564AAD414698E0400F432FF /* NapkinNotesTests-Info.plist */ = {isa = PBXFileReference; lastKnownFileType = text.plist.xml; path = "NapkinNotesTests-Info.plist"; sourceTree = "<group>"; };
		3564AAD614698E0400F432FF /* en */ = {isa = PBXFileReference; lastKnownFileType = text.plist.strings; name = en; path = en.lproj/InfoPlist.strings; sourceTree = "<group>"; };
		3564AAD814698E0400F432FF /* NapkinNotesTests-Prefix.pch */ = {isa = PBXFileReference; lastKnownFileType = sourcecode.c.h; path = "NapkinNotesTests-Prefix.pch"; sourceTree = "<group>"; };
		3564AAD914698E0400F432FF /* NapkinNotesTests.h */ = {isa = PBXFileReference; lastKnownFileType = sourcecode.c.h; path = NapkinNotesTests.h; sourceTree = "<group>"; };
		3564AADB14698E0400F432FF /* NapkinNotesTests.m */ = {isa = PBXFileReference; lastKnownFileType = sourcecode.c.objc; path = NapkinNotesTests.m; sourceTree = "<group>"; };
		3564AAE714698EDE00F432FF /* NapkinNotesData.h */ = {isa = PBXFileReference; fileEncoding = 4; lastKnownFileType = sourcecode.c.h; path = NapkinNotesData.h; sourceTree = "<group>"; };
		3564AAE814698EDE00F432FF /* NapkinNotesData.m */ = {isa = PBXFileReference; fileEncoding = 4; lastKnownFileType = sourcecode.c.objc; path = NapkinNotesData.m; sourceTree = "<group>"; };
		3564AAEA1469908600F432FF /* NapkinNotesDoc.h */ = {isa = PBXFileReference; fileEncoding = 4; lastKnownFileType = sourcecode.c.h; path = NapkinNotesDoc.h; sourceTree = "<group>"; };
		3564AAEB1469908600F432FF /* NapkinNotesDoc.m */ = {isa = PBXFileReference; fileEncoding = 4; lastKnownFileType = sourcecode.c.objc; path = NapkinNotesDoc.m; sourceTree = "<group>"; };
		35B0F07C148EB9D1002C3DBF /* napkinlogo_retina.png */ = {isa = PBXFileReference; lastKnownFileType = image.png; name = napkinlogo_retina.png; path = ../napkinlogo_retina.png; sourceTree = "<group>"; };
		35B0F07E148EB9D7002C3DBF /* Default.png */ = {isa = PBXFileReference; lastKnownFileType = image.png; name = Default.png; path = ../Default.png; sourceTree = "<group>"; };
		35B2A188149449E200F62A41 /* whiteboard.jpg */ = {isa = PBXFileReference; lastKnownFileType = image.jpeg; path = whiteboard.jpg; sourceTree = "<group>"; };
		35B2A189149449E200F62A41 /* whiteboardThumb.jpg */ = {isa = PBXFileReference; lastKnownFileType = image.jpeg; path = whiteboardThumb.jpg; sourceTree = "<group>"; };
		35E62A4014699AF200EB78FB /* ein.jpg */ = {isa = PBXFileReference; lastKnownFileType = image.jpeg; path = ein.jpg; sourceTree = "<group>"; };
		35E62A4414699C1000EB78FB /* einThumb.jpg */ = {isa = PBXFileReference; lastKnownFileType = image.jpeg; path = einThumb.jpg; sourceTree = "<group>"; };
		35F7E1941469D6E6001528A8 /* EditNotesViewController.h */ = {isa = PBXFileReference; fileEncoding = 4; lastKnownFileType = sourcecode.c.h; path = EditNotesViewController.h; sourceTree = "<group>"; };
		35F7E1951469D6E6001528A8 /* EditNotesViewController.m */ = {isa = PBXFileReference; fileEncoding = 4; lastKnownFileType = sourcecode.c.objc; path = EditNotesViewController.m; sourceTree = "<group>"; };
		35F7E1961469D6E6001528A8 /* EditNotesViewController.xib */ = {isa = PBXFileReference; fileEncoding = 4; lastKnownFileType = file.xib; path = EditNotesViewController.xib; sourceTree = "<group>"; };
		35F85EE71485BD99005CCF75 /* UIImageExtras.h */ = {isa = PBXFileReference; fileEncoding = 4; lastKnownFileType = sourcecode.c.h; path = UIImageExtras.h; sourceTree = "<group>"; };
		35F85EE81485BD99005CCF75 /* UIImageExtras.m */ = {isa = PBXFileReference; fileEncoding = 4; lastKnownFileType = sourcecode.c.objc; path = UIImageExtras.m; sourceTree = "<group>"; };
/* End PBXFileReference section */

/* Begin PBXFrameworksBuildPhase section */
		3564AAA514698E0300F432FF /* Frameworks */ = {
			isa = PBXFrameworksBuildPhase;
			buildActionMask = 2147483647;
			files = (
				3564AAAD14698E0300F432FF /* UIKit.framework in Frameworks */,
				3564AAAF14698E0300F432FF /* Foundation.framework in Frameworks */,
				3564AAB114698E0300F432FF /* CoreGraphics.framework in Frameworks */,
			);
			runOnlyForDeploymentPostprocessing = 0;
		};
		3564AAC814698E0400F432FF /* Frameworks */ = {
			isa = PBXFrameworksBuildPhase;
			buildActionMask = 2147483647;
			files = (
				3564AACD14698E0400F432FF /* UIKit.framework in Frameworks */,
				3564AACE14698E0400F432FF /* Foundation.framework in Frameworks */,
				3564AACF14698E0400F432FF /* CoreGraphics.framework in Frameworks */,
			);
			runOnlyForDeploymentPostprocessing = 0;
		};
/* End PBXFrameworksBuildPhase section */

/* Begin PBXGroup section */
		3564AA9D14698E0300F432FF = {
			isa = PBXGroup;
			children = (
				35334A8F16416F5F008D9C17 /* Default-568h@2x.png */,
				35F85EE71485BD99005CCF75 /* UIImageExtras.h */,
				35F85EE81485BD99005CCF75 /* UIImageExtras.m */,
				3564AAE614698EA700F432FF /* Data and Doc (Model) */,
				3564AAB214698E0300F432FF /* View Controller and App Delegate */,
				3564AAE514698E7700F432FF /* Resources */,
				3564AAD214698E0400F432FF /* NapkinNotesTests */,
				3564AAAB14698E0300F432FF /* Frameworks */,
				3564AAA914698E0300F432FF /* Products */,
			);
			sourceTree = "<group>";
		};
		3564AAA914698E0300F432FF /* Products */ = {
			isa = PBXGroup;
			children = (
				3564AAA814698E0300F432FF /* NapkinNotes.app */,
				3564AACC14698E0400F432FF /* NapkinNotesTests.octest */,
			);
			name = Products;
			sourceTree = "<group>";
		};
		3564AAAB14698E0300F432FF /* Frameworks */ = {
			isa = PBXGroup;
			children = (
				3564AAAC14698E0300F432FF /* UIKit.framework */,
				3564AAAE14698E0300F432FF /* Foundation.framework */,
				3564AAB014698E0300F432FF /* CoreGraphics.framework */,
			);
			name = Frameworks;
			sourceTree = "<group>";
		};
		3564AAB214698E0300F432FF /* View Controller and App Delegate */ = {
			isa = PBXGroup;
			children = (
				3564AAC114698E0400F432FF /* RootViewController.h */,
				3564AAC214698E0400F432FF /* RootViewController.m */,
				3564AABB14698E0300F432FF /* NapkinNotesAppDelegate.h */,
				3564AABC14698E0300F432FF /* NapkinNotesAppDelegate.m */,
				3564AAB314698E0300F432FF /* Supporting Files */,
				35F7E1941469D6E6001528A8 /* EditNotesViewController.h */,
				35F7E1951469D6E6001528A8 /* EditNotesViewController.m */,
				35F7E1961469D6E6001528A8 /* EditNotesViewController.xib */,
			);
			name = "View Controller and App Delegate";
			path = NapkinNotes;
			sourceTree = "<group>";
		};
		3564AAB314698E0300F432FF /* Supporting Files */ = {
			isa = PBXGroup;
			children = (
				35B0F07E148EB9D7002C3DBF /* Default.png */,
				35B0F07C148EB9D1002C3DBF /* napkinlogo_retina.png */,
				35B2A188149449E200F62A41 /* whiteboard.jpg */,
				35B2A189149449E200F62A41 /* whiteboardThumb.jpg */,
				351A793A146CB4ED005C7FD4 /* nujabesAlbumCover.jpg */,
				351A793B146CB4ED005C7FD4 /* nujabesThumb.jpg */,
				351A7938146CB354005C7FD4 /* napkinlogo.png */,
				35E62A4414699C1000EB78FB /* einThumb.jpg */,
				35E62A4014699AF200EB78FB /* ein.jpg */,
				3564AAB414698E0300F432FF /* NapkinNotes-Info.plist */,
				3564AAB514698E0300F432FF /* InfoPlist.strings */,
				3564AAB814698E0300F432FF /* NapkinNotes-Prefix.pch */,
				3564AAB914698E0300F432FF /* main.m */,
			);
			name = "Supporting Files";
			sourceTree = "<group>";
		};
		3564AAD214698E0400F432FF /* NapkinNotesTests */ = {
			isa = PBXGroup;
			children = (
				3564AAD914698E0400F432FF /* NapkinNotesTests.h */,
				3564AADB14698E0400F432FF /* NapkinNotesTests.m */,
				3564AAD314698E0400F432FF /* Supporting Files */,
			);
			path = NapkinNotesTests;
			sourceTree = "<group>";
		};
		3564AAD314698E0400F432FF /* Supporting Files */ = {
			isa = PBXGroup;
			children = (
				3564AAD414698E0400F432FF /* NapkinNotesTests-Info.plist */,
				3564AAD514698E0400F432FF /* InfoPlist.strings */,
				3564AAD814698E0400F432FF /* NapkinNotesTests-Prefix.pch */,
			);
			name = "Supporting Files";
			sourceTree = "<group>";
		};
		3564AAE514698E7700F432FF /* Resources */ = {
			isa = PBXGroup;
			children = (
				3564AABE14698E0400F432FF /* MainWindow.xib */,
				3564AAC414698E0400F432FF /* RootViewController.xib */,
			);
			name = Resources;
			sourceTree = "<group>";
		};
		3564AAE614698EA700F432FF /* Data and Doc (Model) */ = {
			isa = PBXGroup;
			children = (
				3564AAE714698EDE00F432FF /* NapkinNotesData.h */,
				3564AAE814698EDE00F432FF /* NapkinNotesData.m */,
				3564AAEA1469908600F432FF /* NapkinNotesDoc.h */,
				3564AAEB1469908600F432FF /* NapkinNotesDoc.m */,
			);
			name = "Data and Doc (Model)";
			sourceTree = "<group>";
		};
/* End PBXGroup section */

/* Begin PBXNativeTarget section */
		3564AAA714698E0300F432FF /* NapkinNotes */ = {
			isa = PBXNativeTarget;
			buildConfigurationList = 3564AADF14698E0400F432FF /* Build configuration list for PBXNativeTarget "NapkinNotes" */;
			buildPhases = (
				3564AAA414698E0300F432FF /* Sources */,
				3564AAA514698E0300F432FF /* Frameworks */,
				3564AAA614698E0300F432FF /* Resources */,
			);
			buildRules = (
			);
			dependencies = (
			);
			name = NapkinNotes;
			productName = NapkinNotes;
			productReference = 3564AAA814698E0300F432FF /* NapkinNotes.app */;
			productType = "com.apple.product-type.application";
		};
		3564AACB14698E0400F432FF /* NapkinNotesTests */ = {
			isa = PBXNativeTarget;
			buildConfigurationList = 3564AAE214698E0400F432FF /* Build configuration list for PBXNativeTarget "NapkinNotesTests" */;
			buildPhases = (
				3564AAC714698E0400F432FF /* Sources */,
				3564AAC814698E0400F432FF /* Frameworks */,
				3564AAC914698E0400F432FF /* Resources */,
				3564AACA14698E0400F432FF /* ShellScript */,
			);
			buildRules = (
			);
			dependencies = (
				3564AAD114698E0400F432FF /* PBXTargetDependency */,
			);
			name = NapkinNotesTests;
			productName = NapkinNotesTests;
			productReference = 3564AACC14698E0400F432FF /* NapkinNotesTests.octest */;
			productType = "com.apple.product-type.bundle";
		};
/* End PBXNativeTarget section */

/* Begin PBXProject section */
		3564AA9F14698E0300F432FF /* Project object */ = {
			isa = PBXProject;
			buildConfigurationList = 3564AAA214698E0300F432FF /* Build configuration list for PBXProject "NapkinNotes" */;
			compatibilityVersion = "Xcode 3.2";
			developmentRegion = English;
			hasScannedForEncodings = 0;
			knownRegions = (
				en,
			);
			mainGroup = 3564AA9D14698E0300F432FF;
			productRefGroup = 3564AAA914698E0300F432FF /* Products */;
			projectDirPath = "";
			projectRoot = "";
			targets = (
				3564AAA714698E0300F432FF /* NapkinNotes */,
				3564AACB14698E0400F432FF /* NapkinNotesTests */,
			);
		};
/* End PBXProject section */

/* Begin PBXResourcesBuildPhase section */
		3564AAA614698E0300F432FF /* Resources */ = {
			isa = PBXResourcesBuildPhase;
			buildActionMask = 2147483647;
			files = (
				3564AAB714698E0300F432FF /* InfoPlist.strings in Resources */,
				3564AAC014698E0400F432FF /* MainWindow.xib in Resources */,
				3564AAC614698E0400F432FF /* RootViewController.xib in Resources */,
				35E62A4214699AF200EB78FB /* ein.jpg in Resources */,
				35E62A4614699C1000EB78FB /* einThumb.jpg in Resources */,
				35F7E1981469D6E6001528A8 /* EditNotesViewController.xib in Resources */,
				351A7939146CB355005C7FD4 /* napkinlogo.png in Resources */,
				351A793C146CB4ED005C7FD4 /* nujabesAlbumCover.jpg in Resources */,
				351A793D146CB4ED005C7FD4 /* nujabesThumb.jpg in Resources */,
				35B0F07D148EB9D1002C3DBF /* napkinlogo_retina.png in Resources */,
				35B0F07F148EB9D7002C3DBF /* Default.png in Resources */,
				35B2A18A149449E200F62A41 /* whiteboard.jpg in Resources */,
				35B2A18B149449E200F62A41 /* whiteboardThumb.jpg in Resources */,
				35334A9016416F5F008D9C17 /* Default-568h@2x.png in Resources */,
			);
			runOnlyForDeploymentPostprocessing = 0;
		};
		3564AAC914698E0400F432FF /* Resources */ = {
			isa = PBXResourcesBuildPhase;
			buildActionMask = 2147483647;
			files = (
				3564AAD714698E0400F432FF /* InfoPlist.strings in Resources */,
				3564AADA14698E0400F432FF /* NapkinNotesTests.h in Resources */,
			);
			runOnlyForDeploymentPostprocessing = 0;
		};
/* End PBXResourcesBuildPhase section */

/* Begin PBXShellScriptBuildPhase section */
		3564AACA14698E0400F432FF /* ShellScript */ = {
			isa = PBXShellScriptBuildPhase;
			buildActionMask = 2147483647;
			files = (
			);
			inputPaths = (
			);
			outputPaths = (
			);
			runOnlyForDeploymentPostprocessing = 0;
			shellPath = /bin/sh;
			shellScript = "# Run the unit tests in this test bundle.\n\"${SYSTEM_DEVELOPER_DIR}/Tools/RunUnitTests\"\n";
		};
/* End PBXShellScriptBuildPhase section */

/* Begin PBXSourcesBuildPhase section */
		3564AAA414698E0300F432FF /* Sources */ = {
			isa = PBXSourcesBuildPhase;
			buildActionMask = 2147483647;
			files = (
				3564AABA14698E0300F432FF /* main.m in Sources */,
				3564AABD14698E0300F432FF /* NapkinNotesAppDelegate.m in Sources */,
				3564AAC314698E0400F432FF /* RootViewController.m in Sources */,
				3564AAE914698EDE00F432FF /* NapkinNotesData.m in Sources */,
				3564AAEC1469908600F432FF /* NapkinNotesDoc.m in Sources */,
				35F7E1971469D6E6001528A8 /* EditNotesViewController.m in Sources */,
				35F85EE91485BD99005CCF75 /* UIImageExtras.m in Sources */,
			);
			runOnlyForDeploymentPostprocessing = 0;
		};
		3564AAC714698E0400F432FF /* Sources */ = {
			isa = PBXSourcesBuildPhase;
			buildActionMask = 2147483647;
			files = (
				3564AADC14698E0400F432FF /* NapkinNotesTests.m in Sources */,
			);
			runOnlyForDeploymentPostprocessing = 0;
		};
/* End PBXSourcesBuildPhase section */

/* Begin PBXTargetDependency section */
		3564AAD114698E0400F432FF /* PBXTargetDependency */ = {
			isa = PBXTargetDependency;
			target = 3564AAA714698E0300F432FF /* NapkinNotes */;
			targetProxy = 3564AAD014698E0400F432FF /* PBXContainerItemProxy */;
		};
/* End PBXTargetDependency section */

/* Begin PBXVariantGroup section */
		3564AAB514698E0300F432FF /* InfoPlist.strings */ = {
			isa = PBXVariantGroup;
			children = (
				3564AAB614698E0300F432FF /* en */,
			);
			name = InfoPlist.strings;
			sourceTree = "<group>";
		};
		3564AABE14698E0400F432FF /* MainWindow.xib */ = {
			isa = PBXVariantGroup;
			children = (
				3564AABF14698E0400F432FF /* en */,
			);
			name = MainWindow.xib;
			path = NapkinNotes;
			sourceTree = "<group>";
		};
		3564AAC414698E0400F432FF /* RootViewController.xib */ = {
			isa = PBXVariantGroup;
			children = (
				3564AAC514698E0400F432FF /* en */,
			);
			name = RootViewController.xib;
			path = NapkinNotes;
			sourceTree = "<group>";
		};
		3564AAD514698E0400F432FF /* InfoPlist.strings */ = {
			isa = PBXVariantGroup;
			children = (
				3564AAD614698E0400F432FF /* en */,
			);
			name = InfoPlist.strings;
			sourceTree = "<group>";
		};
/* End PBXVariantGroup section */

/* Begin XCBuildConfiguration section */
		3564AADD14698E0400F432FF /* Debug */ = {
			isa = XCBuildConfiguration;
			buildSettings = {
				ARCHS = "$(ARCHS_STANDARD_32_BIT)";
				"CODE_SIGN_IDENTITY[sdk=iphoneos*]" = "iPhone Developer";
				GCC_C_LANGUAGE_STANDARD = gnu99;
				GCC_OPTIMIZATION_LEVEL = 0;
				GCC_PREPROCESSOR_DEFINITIONS = DEBUG;
				GCC_SYMBOLS_PRIVATE_EXTERN = NO;
				GCC_VERSION = com.apple.compilers.llvmgcc42;
				GCC_WARN_ABOUT_RETURN_TYPE = YES;
				GCC_WARN_UNUSED_VARIABLE = YES;
				IPHONEOS_DEPLOYMENT_TARGET = 4.3;
				SDKROOT = iphoneos;
			};
			name = Debug;
		};
		3564AADE14698E0400F432FF /* Release */ = {
			isa = XCBuildConfiguration;
			buildSettings = {
				ARCHS = "$(ARCHS_STANDARD_32_BIT)";
				"CODE_SIGN_IDENTITY[sdk=iphoneos*]" = "iPhone Developer";
				GCC_C_LANGUAGE_STANDARD = gnu99;
				GCC_VERSION = com.apple.compilers.llvmgcc42;
				GCC_WARN_ABOUT_RETURN_TYPE = YES;
				GCC_WARN_UNUSED_VARIABLE = YES;
				IPHONEOS_DEPLOYMENT_TARGET = 4.3;
				OTHER_CFLAGS = "-DNS_BLOCK_ASSERTIONS=1";
				SDKROOT = iphoneos;
			};
			name = Release;
		};
		3564AAE014698E0400F432FF /* Debug */ = {
			isa = XCBuildConfiguration;
			buildSettings = {
				ALWAYS_SEARCH_USER_PATHS = NO;
				CODE_SIGN_IDENTITY = "iPhone Developer: Steven Carter (M42SFW6935)";
				"CODE_SIGN_IDENTITY[sdk=iphoneos*]" = "iPhone Developer: Steven Carter (M42SFW6935)";
				COPY_PHASE_STRIP = NO;
				GCC_DYNAMIC_NO_PIC = NO;
				GCC_PRECOMPILE_PREFIX_HEADER = YES;
				GCC_PREFIX_HEADER = "NapkinNotes/NapkinNotes-Prefix.pch";
				INFOPLIST_FILE = "NapkinNotes/NapkinNotes-Info.plist";
				PRODUCT_NAME = "$(TARGET_NAME)";
				PROVISIONING_PROFILE = "6FB2A187-7749-4AB8-A522-DE424CF4384F";
				"PROVISIONING_PROFILE[sdk=iphoneos*]" = "6FB2A187-7749-4AB8-A522-DE424CF4384F";
				WRAPPER_EXTENSION = app;
			};
			name = Debug;
		};
		3564AAE114698E0400F432FF /* Release */ = {
			isa = XCBuildConfiguration;
			buildSettings = {
				ALWAYS_SEARCH_USER_PATHS = NO;
				CODE_SIGN_IDENTITY = "iPhone Developer: Steven Carter (M42SFW6935)";
				COPY_PHASE_STRIP = NO;
				GCC_PRECOMPILE_PREFIX_HEADER = YES;
				GCC_PREFIX_HEADER = "NapkinNotes/NapkinNotes-Prefix.pch";
				INFOPLIST_FILE = "NapkinNotes/NapkinNotes-Info.plist";
				PRODUCT_NAME = "$(TARGET_NAME)";
				PROVISIONING_PROFILE = "6FB2A187-7749-4AB8-A522-DE424CF4384F";
				SKIP_INSTALL = YES;
				VALIDATE_PRODUCT = YES;
				WRAPPER_EXTENSION = app;
			};
			name = Release;
		};
		3564AAE314698E0400F432FF /* Debug */ = {
			isa = XCBuildConfiguration;
			buildSettings = {
				ALWAYS_SEARCH_USER_PATHS = NO;
				BUNDLE_LOADER = "$(BUILT_PRODUCTS_DIR)/NapkinNotes.app/NapkinNotes";
				FRAMEWORK_SEARCH_PATHS = (
					"$(SDKROOT)/Developer/Library/Frameworks",
					"$(DEVELOPER_LIBRARY_DIR)/Frameworks",
				);
				GCC_PRECOMPILE_PREFIX_HEADER = YES;
				GCC_PREFIX_HEADER = "NapkinNotesTests/NapkinNotesTests-Prefix.pch";
				INFOPLIST_FILE = "NapkinNotesTests/NapkinNotesTests-Info.plist";
				OTHER_LDFLAGS = (
					"-framework",
					SenTestingKit,
				);
				PRODUCT_NAME = "$(TARGET_NAME)";
				TEST_HOST = "$(BUNDLE_LOADER)";
				WRAPPER_EXTENSION = octest;
			};
			name = Debug;
		};
		3564AAE414698E0400F432FF /* Release */ = {
			isa = XCBuildConfiguration;
			buildSettings = {
				ALWAYS_SEARCH_USER_PATHS = NO;
				BUNDLE_LOADER = "$(BUILT_PRODUCTS_DIR)/NapkinNotes.app/NapkinNotes";
				FRAMEWORK_SEARCH_PATHS = (
					"$(SDKROOT)/Developer/Library/Frameworks",
					"$(DEVELOPER_LIBRARY_DIR)/Frameworks",
				);
				GCC_PRECOMPILE_PREFIX_HEADER = YES;
				GCC_PREFIX_HEADER = "NapkinNotesTests/NapkinNotesTests-Prefix.pch";
				INFOPLIST_FILE = "NapkinNotesTests/NapkinNotesTests-Info.plist";
				OTHER_LDFLAGS = (
					"-framework",
					SenTestingKit,
				);
				PRODUCT_NAME = "$(TARGET_NAME)";
				TEST_HOST = "$(BUNDLE_LOADER)";
				WRAPPER_EXTENSION = octest;
			};
			name = Release;
		};
/* End XCBuildConfiguration section */

/* Begin XCConfigurationList section */
		3564AAA214698E0300F432FF /* Build configuration list for PBXProject "NapkinNotes" */ = {
			isa = XCConfigurationList;
			buildConfigurations = (
				3564AADD14698E0400F432FF /* Debug */,
				3564AADE14698E0400F432FF /* Release */,
			);
			defaultConfigurationIsVisible = 0;
			defaultConfigurationName = Release;
		};
		3564AADF14698E0400F432FF /* Build configuration list for PBXNativeTarget "NapkinNotes" */ = {
			isa = XCConfigurationList;
			buildConfigurations = (
				3564AAE014698E0400F432FF /* Debug */,
				3564AAE114698E0400F432FF /* Release */,
			);
			defaultConfigurationIsVisible = 0;
			defaultConfigurationName = Release;
		};
		3564AAE214698E0400F432FF /* Build configuration list for PBXNativeTarget "NapkinNotesTests" */ = {
			isa = XCConfigurationList;
			buildConfigurations = (
				3564AAE314698E0400F432FF /* Debug */,
				3564AAE414698E0400F432FF /* Release */,
			);
			defaultConfigurationIsVisible = 0;
			defaultConfigurationName = Release;
		};
/* End XCConfigurationList section */
	};
	rootObject = 3564AA9F14698E0300F432FF /* Project object */;
}
